// !$*UTF8*$!
{
	archiveVersion = 1;
	classes = {
	};
	objectVersion = 50;
	objects = {

/* Begin PBXBuildFile section */
		66114656223323260011AD70 /* AppDelegate.swift in Sources */ = {isa = PBXBuildFile; fileRef = 66114655223323260011AD70 /* AppDelegate.swift */; };
		6611465B223323260011AD70 /* Main.storyboard in Resources */ = {isa = PBXBuildFile; fileRef = 66114659223323260011AD70 /* Main.storyboard */; };
		6611465D223323280011AD70 /* Assets.xcassets in Resources */ = {isa = PBXBuildFile; fileRef = 6611465C223323280011AD70 /* Assets.xcassets */; };
		66114660223323280011AD70 /* LaunchScreen.storyboard in Resources */ = {isa = PBXBuildFile; fileRef = 6611465E223323280011AD70 /* LaunchScreen.storyboard */; };
		6611466B223323280011AD70 /* MarioKartTests.swift in Sources */ = {isa = PBXBuildFile; fileRef = 6611466A223323280011AD70 /* MarioKartTests.swift */; };
		66114676223323280011AD70 /* MarioKartUITests.swift in Sources */ = {isa = PBXBuildFile; fileRef = 66114675223323280011AD70 /* MarioKartUITests.swift */; };
		661146842233265C0011AD70 /* MarioKartViewController.swift in Sources */ = {isa = PBXBuildFile; fileRef = 661146832233265C0011AD70 /* MarioKartViewController.swift */; };
/* End PBXBuildFile section */

/* Begin PBXContainerItemProxy section */
		66114667223323280011AD70 /* PBXContainerItemProxy */ = {
			isa = PBXContainerItemProxy;
			containerPortal = 6611464A223323260011AD70 /* Project object */;
			proxyType = 1;
			remoteGlobalIDString = 66114651223323260011AD70;
			remoteInfo = MarioKart;
		};
		66114672223323280011AD70 /* PBXContainerItemProxy */ = {
			isa = PBXContainerItemProxy;
			containerPortal = 6611464A223323260011AD70 /* Project object */;
			proxyType = 1;
			remoteGlobalIDString = 66114651223323260011AD70;
			remoteInfo = MarioKart;
		};
/* End PBXContainerItemProxy section */

/* Begin PBXFileReference section */
		66114652223323260011AD70 /* MarioKart.app */ = {isa = PBXFileReference; explicitFileType = wrapper.application; includeInIndex = 0; path = MarioKart.app; sourceTree = BUILT_PRODUCTS_DIR; };
		66114655223323260011AD70 /* AppDelegate.swift */ = {isa = PBXFileReference; lastKnownFileType = sourcecode.swift; path = AppDelegate.swift; sourceTree = "<group>"; };
		6611465A223323260011AD70 /* Base */ = {isa = PBXFileReference; lastKnownFileType = file.storyboard; name = Base; path = Base.lproj/Main.storyboard; sourceTree = "<group>"; };
		6611465C223323280011AD70 /* Assets.xcassets */ = {isa = PBXFileReference; lastKnownFileType = folder.assetcatalog; path = Assets.xcassets; sourceTree = "<group>"; };
		6611465F223323280011AD70 /* Base */ = {isa = PBXFileReference; lastKnownFileType = file.storyboard; name = Base; path = Base.lproj/LaunchScreen.storyboard; sourceTree = "<group>"; };
		66114661223323280011AD70 /* Info.plist */ = {isa = PBXFileReference; lastKnownFileType = text.plist.xml; path = Info.plist; sourceTree = "<group>"; };
		66114666223323280011AD70 /* MarioKartTests.xctest */ = {isa = PBXFileReference; explicitFileType = wrapper.cfbundle; includeInIndex = 0; path = MarioKartTests.xctest; sourceTree = BUILT_PRODUCTS_DIR; };
		6611466A223323280011AD70 /* MarioKartTests.swift */ = {isa = PBXFileReference; lastKnownFileType = sourcecode.swift; path = MarioKartTests.swift; sourceTree = "<group>"; };
		6611466C223323280011AD70 /* Info.plist */ = {isa = PBXFileReference; lastKnownFileType = text.plist.xml; path = Info.plist; sourceTree = "<group>"; };
		66114671223323280011AD70 /* MarioKartUITests.xctest */ = {isa = PBXFileReference; explicitFileType = wrapper.cfbundle; includeInIndex = 0; path = MarioKartUITests.xctest; sourceTree = BUILT_PRODUCTS_DIR; };
		66114675223323280011AD70 /* MarioKartUITests.swift */ = {isa = PBXFileReference; lastKnownFileType = sourcecode.swift; path = MarioKartUITests.swift; sourceTree = "<group>"; };
		66114677223323280011AD70 /* Info.plist */ = {isa = PBXFileReference; lastKnownFileType = text.plist.xml; path = Info.plist; sourceTree = "<group>"; };
		661146832233265C0011AD70 /* MarioKartViewController.swift */ = {isa = PBXFileReference; lastKnownFileType = sourcecode.swift; path = MarioKartViewController.swift; sourceTree = "<group>"; };
/* End PBXFileReference section */

/* Begin PBXFrameworksBuildPhase section */
		6611464F223323260011AD70 /* Frameworks */ = {
			isa = PBXFrameworksBuildPhase;
			buildActionMask = 2147483647;
			files = (
			);
			runOnlyForDeploymentPostprocessing = 0;
		};
		66114663223323280011AD70 /* Frameworks */ = {
			isa = PBXFrameworksBuildPhase;
			buildActionMask = 2147483647;
			files = (
			);
			runOnlyForDeploymentPostprocessing = 0;
		};
		6611466E223323280011AD70 /* Frameworks */ = {
			isa = PBXFrameworksBuildPhase;
			buildActionMask = 2147483647;
			files = (
			);
			runOnlyForDeploymentPostprocessing = 0;
		};
/* End PBXFrameworksBuildPhase section */

/* Begin PBXGroup section */
		66114649223323260011AD70 = {
			isa = PBXGroup;
			children = (
				66114654223323260011AD70 /* MarioKart */,
				66114669223323280011AD70 /* MarioKartTests */,
				66114674223323280011AD70 /* MarioKartUITests */,
				66114653223323260011AD70 /* Products */,
			);
			sourceTree = "<group>";
		};
		66114653223323260011AD70 /* Products */ = {
			isa = PBXGroup;
			children = (
				66114652223323260011AD70 /* MarioKart.app */,
				66114666223323280011AD70 /* MarioKartTests.xctest */,
				66114671223323280011AD70 /* MarioKartUITests.xctest */,
			);
			name = Products;
			sourceTree = "<group>";
		};
		66114654223323260011AD70 /* MarioKart */ = {
			isa = PBXGroup;
			children = (
				66114655223323260011AD70 /* AppDelegate.swift */,
				66114659223323260011AD70 /* Main.storyboard */,
				661146832233265C0011AD70 /* MarioKartViewController.swift */,
				6611465C223323280011AD70 /* Assets.xcassets */,
				6611465E223323280011AD70 /* LaunchScreen.storyboard */,
				66114661223323280011AD70 /* Info.plist */,
			);
			path = MarioKart;
			sourceTree = "<group>";
		};
		66114669223323280011AD70 /* MarioKartTests */ = {
			isa = PBXGroup;
			children = (
				6611466A223323280011AD70 /* MarioKartTests.swift */,
				6611466C223323280011AD70 /* Info.plist */,
			);
			path = MarioKartTests;
			sourceTree = "<group>";
		};
		66114674223323280011AD70 /* MarioKartUITests */ = {
			isa = PBXGroup;
			children = (
				66114675223323280011AD70 /* MarioKartUITests.swift */,
				66114677223323280011AD70 /* Info.plist */,
			);
			path = MarioKartUITests;
			sourceTree = "<group>";
		};
/* End PBXGroup section */

/* Begin PBXNativeTarget section */
		66114651223323260011AD70 /* MarioKart */ = {
			isa = PBXNativeTarget;
			buildConfigurationList = 6611467A223323280011AD70 /* Build configuration list for PBXNativeTarget "MarioKart" */;
			buildPhases = (
				6611464E223323260011AD70 /* Sources */,
				6611464F223323260011AD70 /* Frameworks */,
				66114650223323260011AD70 /* Resources */,
			);
			buildRules = (
			);
			dependencies = (
			);
			name = MarioKart;
			productName = MarioKart;
			productReference = 66114652223323260011AD70 /* MarioKart.app */;
			productType = "com.apple.product-type.application";
		};
		66114665223323280011AD70 /* MarioKartTests */ = {
			isa = PBXNativeTarget;
			buildConfigurationList = 6611467D223323280011AD70 /* Build configuration list for PBXNativeTarget "MarioKartTests" */;
			buildPhases = (
				66114662223323280011AD70 /* Sources */,
				66114663223323280011AD70 /* Frameworks */,
				66114664223323280011AD70 /* Resources */,
			);
			buildRules = (
			);
			dependencies = (
				66114668223323280011AD70 /* PBXTargetDependency */,
			);
			name = MarioKartTests;
			productName = MarioKartTests;
			productReference = 66114666223323280011AD70 /* MarioKartTests.xctest */;
			productType = "com.apple.product-type.bundle.unit-test";
		};
		66114670223323280011AD70 /* MarioKartUITests */ = {
			isa = PBXNativeTarget;
			buildConfigurationList = 66114680223323280011AD70 /* Build configuration list for PBXNativeTarget "MarioKartUITests" */;
			buildPhases = (
				6611466D223323280011AD70 /* Sources */,
				6611466E223323280011AD70 /* Frameworks */,
				6611466F223323280011AD70 /* Resources */,
			);
			buildRules = (
			);
			dependencies = (
				66114673223323280011AD70 /* PBXTargetDependency */,
			);
			name = MarioKartUITests;
			productName = MarioKartUITests;
			productReference = 66114671223323280011AD70 /* MarioKartUITests.xctest */;
			productType = "com.apple.product-type.bundle.ui-testing";
		};
/* End PBXNativeTarget section */

/* Begin PBXProject section */
		6611464A223323260011AD70 /* Project object */ = {
			isa = PBXProject;
			attributes = {
				LastSwiftUpdateCheck = 1010;
				LastUpgradeCheck = 1010;
				ORGANIZATIONNAME = "Jenny Li";
				TargetAttributes = {
					66114651223323260011AD70 = {
						CreatedOnToolsVersion = 10.1;
					};
					66114665223323280011AD70 = {
						CreatedOnToolsVersion = 10.1;
						TestTargetID = 66114651223323260011AD70;
					};
					66114670223323280011AD70 = {
						CreatedOnToolsVersion = 10.1;
						TestTargetID = 66114651223323260011AD70;
					};
				};
			};
			buildConfigurationList = 6611464D223323260011AD70 /* Build configuration list for PBXProject "MarioKart" */;
			compatibilityVersion = "Xcode 9.3";
			developmentRegion = en;
			hasScannedForEncodings = 0;
			knownRegions = (
				en,
				Base,
			);
			mainGroup = 66114649223323260011AD70;
			productRefGroup = 66114653223323260011AD70 /* Products */;
			projectDirPath = "";
			projectRoot = "";
			targets = (
				66114651223323260011AD70 /* MarioKart */,
				66114665223323280011AD70 /* MarioKartTests */,
				66114670223323280011AD70 /* MarioKartUITests */,
			);
		};
/* End PBXProject section */

/* Begin PBXResourcesBuildPhase section */
		66114650223323260011AD70 /* Resources */ = {
			isa = PBXResourcesBuildPhase;
			buildActionMask = 2147483647;
			files = (
				66114660223323280011AD70 /* LaunchScreen.storyboard in Resources */,
				6611465D223323280011AD70 /* Assets.xcassets in Resources */,
				6611465B223323260011AD70 /* Main.storyboard in Resources */,
			);
			runOnlyForDeploymentPostprocessing = 0;
		};
		66114664223323280011AD70 /* Resources */ = {
			isa = PBXResourcesBuildPhase;
			buildActionMask = 2147483647;
			files = (
			);
			runOnlyForDeploymentPostprocessing = 0;
		};
		6611466F223323280011AD70 /* Resources */ = {
			isa = PBXResourcesBuildPhase;
			buildActionMask = 2147483647;
			files = (
			);
			runOnlyForDeploymentPostprocessing = 0;
		};
/* End PBXResourcesBuildPhase section */

/* Begin PBXSourcesBuildPhase section */
		6611464E223323260011AD70 /* Sources */ = {
			isa = PBXSourcesBuildPhase;
			buildActionMask = 2147483647;
			files = (
				661146842233265C0011AD70 /* MarioKartViewController.swift in Sources */,
				66114656223323260011AD70 /* AppDelegate.swift in Sources */,
			);
			runOnlyForDeploymentPostprocessing = 0;
		};
		66114662223323280011AD70 /* Sources */ = {
			isa = PBXSourcesBuildPhase;
			buildActionMask = 2147483647;
			files = (
				6611466B223323280011AD70 /* MarioKartTests.swift in Sources */,
			);
			runOnlyForDeploymentPostprocessing = 0;
		};
		6611466D223323280011AD70 /* Sources */ = {
			isa = PBXSourcesBuildPhase;
			buildActionMask = 2147483647;
			files = (
				66114676223323280011AD70 /* MarioKartUITests.swift in Sources */,
			);
			runOnlyForDeploymentPostprocessing = 0;
		};
/* End PBXSourcesBuildPhase section */

/* Begin PBXTargetDependency section */
		66114668223323280011AD70 /* PBXTargetDependency */ = {
			isa = PBXTargetDependency;
			target = 66114651223323260011AD70 /* MarioKart */;
			targetProxy = 66114667223323280011AD70 /* PBXContainerItemProxy */;
		};
		66114673223323280011AD70 /* PBXTargetDependency */ = {
			isa = PBXTargetDependency;
			target = 66114651223323260011AD70 /* MarioKart */;
			targetProxy = 66114672223323280011AD70 /* PBXContainerItemProxy */;
		};
/* End PBXTargetDependency section */

/* Begin PBXVariantGroup section */
		66114659223323260011AD70 /* Main.storyboard */ = {
			isa = PBXVariantGroup;
			children = (
				6611465A223323260011AD70 /* Base */,
			);
			name = Main.storyboard;
			sourceTree = "<group>";
		};
		6611465E223323280011AD70 /* LaunchScreen.storyboard */ = {
			isa = PBXVariantGroup;
			children = (
				6611465F223323280011AD70 /* Base */,
			);
			name = LaunchScreen.storyboard;
			sourceTree = "<group>";
		};
/* End PBXVariantGroup section */

/* Begin XCBuildConfiguration section */
		66114678223323280011AD70 /* Debug */ = {
			isa = XCBuildConfiguration;
			buildSettings = {
				ALWAYS_SEARCH_USER_PATHS = NO;
				CLANG_ANALYZER_NONNULL = YES;
				CLANG_ANALYZER_NUMBER_OBJECT_CONVERSION = YES_AGGRESSIVE;
				CLANG_CXX_LANGUAGE_STANDARD = "gnu++14";
				CLANG_CXX_LIBRARY = "libc++";
				CLANG_ENABLE_MODULES = YES;
				CLANG_ENABLE_OBJC_ARC = YES;
				CLANG_ENABLE_OBJC_WEAK = YES;
				CLANG_WARN_BLOCK_CAPTURE_AUTORELEASING = YES;
				CLANG_WARN_BOOL_CONVERSION = YES;
				CLANG_WARN_COMMA = YES;
				CLANG_WARN_CONSTANT_CONVERSION = YES;
				CLANG_WARN_DEPRECATED_OBJC_IMPLEMENTATIONS = YES;
				CLANG_WARN_DIRECT_OBJC_ISA_USAGE = YES_ERROR;
				CLANG_WARN_DOCUMENTATION_COMMENTS = YES;
				CLANG_WARN_EMPTY_BODY = YES;
				CLANG_WARN_ENUM_CONVERSION = YES;
				CLANG_WARN_INFINITE_RECURSION = YES;
				CLANG_WARN_INT_CONVERSION = YES;
				CLANG_WARN_NON_LITERAL_NULL_CONVERSION = YES;
				CLANG_WARN_OBJC_IMPLICIT_RETAIN_SELF = YES;
				CLANG_WARN_OBJC_LITERAL_CONVERSION = YES;
				CLANG_WARN_OBJC_ROOT_CLASS = YES_ERROR;
				CLANG_WARN_RANGE_LOOP_ANALYSIS = YES;
				CLANG_WARN_STRICT_PROTOTYPES = YES;
				CLANG_WARN_SUSPICIOUS_MOVE = YES;
				CLANG_WARN_UNGUARDED_AVAILABILITY = YES_AGGRESSIVE;
				CLANG_WARN_UNREACHABLE_CODE = YES;
				CLANG_WARN__DUPLICATE_METHOD_MATCH = YES;
				CODE_SIGN_IDENTITY = "iPhone Developer";
				COPY_PHASE_STRIP = NO;
				DEBUG_INFORMATION_FORMAT = dwarf;
				ENABLE_STRICT_OBJC_MSGSEND = YES;
				ENABLE_TESTABILITY = YES;
				GCC_C_LANGUAGE_STANDARD = gnu11;
				GCC_DYNAMIC_NO_PIC = NO;
				GCC_NO_COMMON_BLOCKS = YES;
				GCC_OPTIMIZATION_LEVEL = 0;
				GCC_PREPROCESSOR_DEFINITIONS = (
					"DEBUG=1",
					"$(inherited)",
				);
				GCC_WARN_64_TO_32_BIT_CONVERSION = YES;
				GCC_WARN_ABOUT_RETURN_TYPE = YES_ERROR;
				GCC_WARN_UNDECLARED_SELECTOR = YES;
				GCC_WARN_UNINITIALIZED_AUTOS = YES_AGGRESSIVE;
				GCC_WARN_UNUSED_FUNCTION = YES;
				GCC_WARN_UNUSED_VARIABLE = YES;
				IPHONEOS_DEPLOYMENT_TARGET = 12.1;
				MTL_ENABLE_DEBUG_INFO = INCLUDE_SOURCE;
				MTL_FAST_MATH = YES;
				ONLY_ACTIVE_ARCH = YES;
				SDKROOT = iphoneos;
				SWIFT_ACTIVE_COMPILATION_CONDITIONS = DEBUG;
				SWIFT_OPTIMIZATION_LEVEL = "-Onone";
			};
			name = Debug;
		};
		66114679223323280011AD70 /* Release */ = {
			isa = XCBuildConfiguration;
			buildSettings = {
				ALWAYS_SEARCH_USER_PATHS = NO;
				CLANG_ANALYZER_NONNULL = YES;
				CLANG_ANALYZER_NUMBER_OBJECT_CONVERSION = YES_AGGRESSIVE;
				CLANG_CXX_LANGUAGE_STANDARD = "gnu++14";
				CLANG_CXX_LIBRARY = "libc++";
				CLANG_ENABLE_MODULES = YES;
				CLANG_ENABLE_OBJC_ARC = YES;
				CLANG_ENABLE_OBJC_WEAK = YES;
				CLANG_WARN_BLOCK_CAPTURE_AUTORELEASING = YES;
				CLANG_WARN_BOOL_CONVERSION = YES;
				CLANG_WARN_COMMA = YES;
				CLANG_WARN_CONSTANT_CONVERSION = YES;
				CLANG_WARN_DEPRECATED_OBJC_IMPLEMENTATIONS = YES;
				CLANG_WARN_DIRECT_OBJC_ISA_USAGE = YES_ERROR;
				CLANG_WARN_DOCUMENTATION_COMMENTS = YES;
				CLANG_WARN_EMPTY_BODY = YES;
				CLANG_WARN_ENUM_CONVERSION = YES;
				CLANG_WARN_INFINITE_RECURSION = YES;
				CLANG_WARN_INT_CONVERSION = YES;
				CLANG_WARN_NON_LITERAL_NULL_CONVERSION = YES;
				CLANG_WARN_OBJC_IMPLICIT_RETAIN_SELF = YES;
				CLANG_WARN_OBJC_LITERAL_CONVERSION = YES;
				CLANG_WARN_OBJC_ROOT_CLASS = YES_ERROR;
				CLANG_WARN_RANGE_LOOP_ANALYSIS = YES;
				CLANG_WARN_STRICT_PROTOTYPES = YES;
				CLANG_WARN_SUSPICIOUS_MOVE = YES;
				CLANG_WARN_UNGUARDED_AVAILABILITY = YES_AGGRESSIVE;
				CLANG_WARN_UNREACHABLE_CODE = YES;
				CLANG_WARN__DUPLICATE_METHOD_MATCH = YES;
				CODE_SIGN_IDENTITY = "iPhone Developer";
				COPY_PHASE_STRIP = NO;
				DEBUG_INFORMATION_FORMAT = "dwarf-with-dsym";
				ENABLE_NS_ASSERTIONS = NO;
				ENABLE_STRICT_OBJC_MSGSEND = YES;
				GCC_C_LANGUAGE_STANDARD = gnu11;
				GCC_NO_COMMON_BLOCKS = YES;
				GCC_WARN_64_TO_32_BIT_CONVERSION = YES;
				GCC_WARN_ABOUT_RETURN_TYPE = YES_ERROR;
				GCC_WARN_UNDECLARED_SELECTOR = YES;
				GCC_WARN_UNINITIALIZED_AUTOS = YES_AGGRESSIVE;
				GCC_WARN_UNUSED_FUNCTION = YES;
				GCC_WARN_UNUSED_VARIABLE = YES;
				IPHONEOS_DEPLOYMENT_TARGET = 12.1;
				MTL_ENABLE_DEBUG_INFO = NO;
				MTL_FAST_MATH = YES;
				SDKROOT = iphoneos;
				SWIFT_COMPILATION_MODE = wholemodule;
				SWIFT_OPTIMIZATION_LEVEL = "-O";
				VALIDATE_PRODUCT = YES;
			};
			name = Release;
		};
		6611467B223323280011AD70 /* Debug */ = {
			isa = XCBuildConfiguration;
			buildSettings = {
				ASSETCATALOG_COMPILER_APPICON_NAME = AppIcon;
				CODE_SIGN_STYLE = Automatic;
				DEVELOPMENT_TEAM = C4CWCQD2SD;
				INFOPLIST_FILE = MarioKart/Info.plist;
				LD_RUNPATH_SEARCH_PATHS = (
					"$(inherited)",
					"@executable_path/Frameworks",
				);
				PRODUCT_BUNDLE_IDENTIFIER = com.JennyLi.MarioKart;
				PRODUCT_NAME = "$(TARGET_NAME)";
				SWIFT_VERSION = 4.2;
				TARGETED_DEVICE_FAMILY = "1,2";
			};
			name = Debug;
		};
		6611467C223323280011AD70 /* Release */ = {
			isa = XCBuildConfiguration;
			buildSettings = {
				ASSETCATALOG_COMPILER_APPICON_NAME = AppIcon;
				CODE_SIGN_STYLE = Automatic;
				DEVELOPMENT_TEAM = C4CWCQD2SD;
				INFOPLIST_FILE = MarioKart/Info.plist;
				LD_RUNPATH_SEARCH_PATHS = (
					"$(inherited)",
					"@executable_path/Frameworks",
				);
				PRODUCT_BUNDLE_IDENTIFIER = com.JennyLi.MarioKart;
				PRODUCT_NAME = "$(TARGET_NAME)";
				SWIFT_VERSION = 4.2;
				TARGETED_DEVICE_FAMILY = "1,2";
			};
			name = Release;
		};
		6611467E223323280011AD70 /* Debug */ = {
			isa = XCBuildConfiguration;
			buildSettings = {
				ALWAYS_EMBED_SWIFT_STANDARD_LIBRARIES = YES;
				BUNDLE_LOADER = "$(TEST_HOST)";
				CODE_SIGN_STYLE = Automatic;
				INFOPLIST_FILE = MarioKartTests/Info.plist;
				LD_RUNPATH_SEARCH_PATHS = (
					"$(inherited)",
					"@executable_path/Frameworks",
					"@loader_path/Frameworks",
				);
				PRODUCT_BUNDLE_IDENTIFIER = com.JennyLi.MarioKartTests;
				PRODUCT_NAME = "$(TARGET_NAME)";
				SWIFT_VERSION = 4.2;
				TARGETED_DEVICE_FAMILY = "1,2";
				TEST_HOST = "$(BUILT_PRODUCTS_DIR)/MarioKart.app/MarioKart";
			};
			name = Debug;
		};
		6611467F223323280011AD70 /* Release */ = {
			isa = XCBuildConfiguration;
			buildSettings = {
				ALWAYS_EMBED_SWIFT_STANDARD_LIBRARIES = YES;
				BUNDLE_LOADER = "$(TEST_HOST)";
				CODE_SIGN_STYLE = Automatic;
				INFOPLIST_FILE = MarioKartTests/Info.plist;
				LD_RUNPATH_SEARCH_PATHS = (
					"$(inherited)",
					"@executable_path/Frameworks",
					"@loader_path/Frameworks",
				);
				PRODUCT_BUNDLE_IDENTIFIER = com.JennyLi.MarioKartTests;
				PRODUCT_NAME = "$(TARGET_NAME)";
				SWIFT_VERSION = 4.2;
				TARGETED_DEVICE_FAMILY = "1,2";
				TEST_HOST = "$(BUILT_PRODUCTS_DIR)/MarioKart.app/MarioKart";
			};
			name = Release;
		};
		66114681223323280011AD70 /* Debug */ = {
			isa = XCBuildConfiguration;
			buildSettings = {
				ALWAYS_EMBED_SWIFT_STANDARD_LIBRARIES = YES;
				CODE_SIGN_STYLE = Automatic;
				INFOPLIST_FILE = MarioKartUITests/Info.plist;
				LD_RUNPATH_SEARCH_PATHS = (
					"$(inherited)",
					"@executable_path/Frameworks",
					"@loader_path/Frameworks",
				);
				PRODUCT_BUNDLE_IDENTIFIER = com.JennyLi.MarioKartUITests;
				PRODUCT_NAME = "$(TARGET_NAME)";
				SWIFT_VERSION = 4.2;
				TARGETED_DEVICE_FAMILY = "1,2";
				TEST_TARGET_NAME = MarioKart;
			};
			name = Debug;
		};
		66114682223323280011AD70 /* Release */ = {
			isa = XCBuildConfiguration;
			buildSettings = {
				ALWAYS_EMBED_SWIFT_STANDARD_LIBRARIES = YES;
				CODE_SIGN_STYLE = Automatic;
				INFOPLIST_FILE = MarioKartUITests/Info.plist;
				LD_RUNPATH_SEARCH_PATHS = (
					"$(inherited)",
					"@executable_path/Frameworks",
					"@loader_path/Frameworks",
				);
				PRODUCT_BUNDLE_IDENTIFIER = com.JennyLi.MarioKartUITests;
				PRODUCT_NAME = "$(TARGET_NAME)";
				SWIFT_VERSION = 4.2;
				TARGETED_DEVICE_FAMILY = "1,2";
				TEST_TARGET_NAME = MarioKart;
			};
			name = Release;
		};
/* End XCBuildConfiguration section */

/* Begin XCConfigurationList section */
		6611464D223323260011AD70 /* Build configuration list for PBXProject "MarioKart" */ = {
			isa = XCConfigurationList;
			buildConfigurations = (
				66114678223323280011AD70 /* Debug */,
				66114679223323280011AD70 /* Release */,
			);
			defaultConfigurationIsVisible = 0;
			defaultConfigurationName = Release;
		};
		6611467A223323280011AD70 /* Build configuration list for PBXNativeTarget "MarioKart" */ = {
			isa = XCConfigurationList;
			buildConfigurations = (
				6611467B223323280011AD70 /* Debug */,
				6611467C223323280011AD70 /* Release */,
			);
			defaultConfigurationIsVisible = 0;
			defaultConfigurationName = Release;
		};
		6611467D223323280011AD70 /* Build configuration list for PBXNativeTarget "MarioKartTests" */ = {
			isa = XCConfigurationList;
			buildConfigurations = (
				6611467E223323280011AD70 /* Debug */,
				6611467F223323280011AD70 /* Release */,
			);
			defaultConfigurationIsVisible = 0;
			defaultConfigurationName = Release;
		};
		66114680223323280011AD70 /* Build configuration list for PBXNativeTarget "MarioKartUITests" */ = {
			isa = XCConfigurationList;
			buildConfigurations = (
				66114681223323280011AD70 /* Debug */,
				66114682223323280011AD70 /* Release */,
			);
			defaultConfigurationIsVisible = 0;
			defaultConfigurationName = Release;
		};
/* End XCConfigurationList section */
	};
	rootObject = 6611464A223323260011AD70 /* Project object */;
}
